
Microsoft Visual Studio Solution File, Format Version 12.00
# Visual Studio Version 17
VisualStudioVersion = 17.2.32630.192
MinimumVisualStudioVersion = 10.0.40219.1
Project("{FAE04EC0-301F-11D3-BF4B-00C04F79EFBC}") = "OWODA", "OWODA\OWODA.csproj", "{9172919B-973D-406E-B665-CA5588E5594B}"
EndProject
Global
	GlobalSection(SolutionConfigurationPlatforms) = preSolution
		Debug|Any CPU = Debug|Any CPU
		Release|Any CPU = Release|Any CPU
	EndGlobalSection
	GlobalSection(ProjectConfigurationPlatforms) = postSolution
		{9172919B-973D-406E-B665-CA5588E5594B}.Debug|Any CPU.ActiveCfg = Debug|Any CPU
		{9172919B-973D-406E-B665-CA5588E5594B}.Debug|Any CPU.Build.0 = Debug|Any CPU
		{9172919B-973D-406E-B665-CA5588E5594B}.Release|Any CPU.ActiveCfg = Release|Any CPU
		{9172919B-973D-406E-B665-CA5588E5594B}.Release|Any CPU.Build.0 = Release|Any CPU
	EndGlobalSection
	GlobalSection(SolutionProperties) = preSolution
		HideSolutionNode = FALSE
	EndGlobalSection
	GlobalSection(ExtensibilityGlobals) = postSolution
		SolutionGuid = {E109A91E-5197-432D-8DA4-0E42D13DD3C5}
	EndGlobalSection
EndGlobal
